
Microsoft Visual Studio Solution File, Format Version 12.00
# Visual Studio Version 16
VisualStudioVersion = 16.0.30225.117
MinimumVisualStudioVersion = 10.0.40219.1
Project("{FAE04EC0-301F-11D3-BF4B-00C04F79EFBC}") = "mars-rover", "mars-rover\mars-rover.csproj", "{042880D2-4851-4EF3-94B1-8BA403396507}"
EndProject
Global
	GlobalSection(SolutionConfigurationPlatforms) = preSolution
		Debug|Any CPU = Debug|Any CPU
		Release|Any CPU = Release|Any CPU
	EndGlobalSection
	GlobalSection(ProjectConfigurationPlatforms) = postSolution
		{042880D2-4851-4EF3-94B1-8BA403396507}.Debug|Any CPU.ActiveCfg = Debug|Any CPU
		{042880D2-4851-4EF3-94B1-8BA403396507}.Debug|Any CPU.Build.0 = Debug|Any CPU
		{042880D2-4851-4EF3-94B1-8BA403396507}.Release|Any CPU.ActiveCfg = Release|Any CPU
		{042880D2-4851-4EF3-94B1-8BA403396507}.Release|Any CPU.Build.0 = Release|Any CPU
	EndGlobalSection
	GlobalSection(SolutionProperties) = preSolution
		HideSolutionNode = FALSE
	EndGlobalSection
	GlobalSection(ExtensibilityGlobals) = postSolution
		SolutionGuid = {33CF93FD-253B-4144-B99F-3C0D48A29B3D}
	EndGlobalSection
EndGlobal
